
Microsoft Visual Studio Solution File, Format Version 12.00
# Visual Studio Version 17
VisualStudioVersion = 17.1.32228.430
MinimumVisualStudioVersion = 10.0.40219.1
Project("{9A19103F-16F7-4668-BE54-9A1E7A4F7556}") = "WebLibrary.View", "WebLibrary.View\WebLibrary.View.csproj", "{02EAA4F5-53AA-44DC-BD18-3A2A4E77A710}"
EndProject
Project("{FAE04EC0-301F-11D3-BF4B-00C04F79EFBC}") = "WebLibrary.Model", "WebLibrary.Model\WebLibrary.Model.csproj", "{CEBFDCAF-62C2-43BD-9792-593C3C5E0EA1}"
EndProject
Global
	GlobalSection(SolutionConfigurationPlatforms) = preSolution
		Debug|Any CPU = Debug|Any CPU
		Release|Any CPU = Release|Any CPU
	EndGlobalSection
	GlobalSection(ProjectConfigurationPlatforms) = postSolution
		{02EAA4F5-53AA-44DC-BD18-3A2A4E77A710}.Debug|Any CPU.ActiveCfg = Debug|Any CPU
		{02EAA4F5-53AA-44DC-BD18-3A2A4E77A710}.Debug|Any CPU.Build.0 = Debug|Any CPU
		{02EAA4F5-53AA-44DC-BD18-3A2A4E77A710}.Release|Any CPU.ActiveCfg = Release|Any CPU
		{02EAA4F5-53AA-44DC-BD18-3A2A4E77A710}.Release|Any CPU.Build.0 = Release|Any CPU
		{CEBFDCAF-62C2-43BD-9792-593C3C5E0EA1}.Debug|Any CPU.ActiveCfg = Debug|Any CPU
		{CEBFDCAF-62C2-43BD-9792-593C3C5E0EA1}.Debug|Any CPU.Build.0 = Debug|Any CPU
		{CEBFDCAF-62C2-43BD-9792-593C3C5E0EA1}.Release|Any CPU.ActiveCfg = Release|Any CPU
		{CEBFDCAF-62C2-43BD-9792-593C3C5E0EA1}.Release|Any CPU.Build.0 = Release|Any CPU
	EndGlobalSection
	GlobalSection(SolutionProperties) = preSolution
		HideSolutionNode = FALSE
	EndGlobalSection
	GlobalSection(ExtensibilityGlobals) = postSolution
		SolutionGuid = {7F5DC11F-92C3-4FA9-82F0-05143A73A3AB}
	EndGlobalSection
EndGlobal
