
Microsoft Visual Studio Solution File, Format Version 12.00
# Visual Studio Version 17
VisualStudioVersion = 17.1.32228.430
MinimumVisualStudioVersion = 10.0.40219.1
Project("{FAE04EC0-301F-11D3-BF4B-00C04F79EFBC}") = "WebLibrary.View", "WebLibrary.View\WebLibrary.View.csproj", "{E73B4643-98C2-47DD-92AA-7226F88C6E58}"
EndProject
Global
	GlobalSection(SolutionConfigurationPlatforms) = preSolution
		Debug|Any CPU = Debug|Any CPU
		Release|Any CPU = Release|Any CPU
	EndGlobalSection
	GlobalSection(ProjectConfigurationPlatforms) = postSolution
		{E73B4643-98C2-47DD-92AA-7226F88C6E58}.Debug|Any CPU.ActiveCfg = Debug|Any CPU
		{E73B4643-98C2-47DD-92AA-7226F88C6E58}.Debug|Any CPU.Build.0 = Debug|Any CPU
		{E73B4643-98C2-47DD-92AA-7226F88C6E58}.Release|Any CPU.ActiveCfg = Release|Any CPU
		{E73B4643-98C2-47DD-92AA-7226F88C6E58}.Release|Any CPU.Build.0 = Release|Any CPU
	EndGlobalSection
	GlobalSection(SolutionProperties) = preSolution
		HideSolutionNode = FALSE
	EndGlobalSection
	GlobalSection(ExtensibilityGlobals) = postSolution
		SolutionGuid = {CA9D93A7-EFEE-4215-A50A-3172BB1E6AF7}
	EndGlobalSection
EndGlobal
